
Microsoft Visual Studio Solution File, Format Version 12.00
# Visual Studio 15
Project("{FAE04EC0-301F-11D3-BF4B-00C04F79EFBC}") = "practice", "practice.csproj", "{6D31ACC3-6973-64D6-DEE0-292784B56D9F}"
EndProject
Project("{FAE04EC0-301F-11D3-BF4B-00C04F79EFBC}") = "practice.Editor", "practice.Editor.csproj", "{3C31D291-22FC-88F1-AAD5-A05C64972889}"
EndProject
Global
	GlobalSection(SolutionConfigurationPlatforms) = preSolution
		Debug|Any CPU = Debug|Any CPU
		Release|Any CPU = Release|Any CPU
	EndGlobalSection
	GlobalSection(ProjectConfigurationPlatforms) = postSolution
		{6D31ACC3-6973-64D6-DEE0-292784B56D9F}.Debug|Any CPU.ActiveCfg = Debug|Any CPU
		{6D31ACC3-6973-64D6-DEE0-292784B56D9F}.Debug|Any CPU.Build.0 = Debug|Any CPU
		{6D31ACC3-6973-64D6-DEE0-292784B56D9F}.Release|Any CPU.ActiveCfg = Release|Any CPU
		{6D31ACC3-6973-64D6-DEE0-292784B56D9F}.Release|Any CPU.Build.0 = Release|Any CPU
		{3C31D291-22FC-88F1-AAD5-A05C64972889}.Debug|Any CPU.ActiveCfg = Debug|Any CPU
		{3C31D291-22FC-88F1-AAD5-A05C64972889}.Debug|Any CPU.Build.0 = Debug|Any CPU
		{3C31D291-22FC-88F1-AAD5-A05C64972889}.Release|Any CPU.ActiveCfg = Release|Any CPU
		{3C31D291-22FC-88F1-AAD5-A05C64972889}.Release|Any CPU.Build.0 = Release|Any CPU
	EndGlobalSection
	GlobalSection(SolutionProperties) = preSolution
		HideSolutionNode = FALSE
	EndGlobalSection
EndGlobal
